
Microsoft Visual Studio Solution File, Format Version 12.00
# Visual Studio Version 16
VisualStudioVersion = 16.0.29728.190
MinimumVisualStudioVersion = 10.0.40219.1
Project("{FAE04EC0-301F-11D3-BF4B-00C04F79EFBC}") = "BinarySearch", "BinarySearch\BinarySearch.csproj", "{FF0A93CC-6447-4300-ABD2-EE8B6CF3A9C2}"
EndProject
Global
	GlobalSection(SolutionConfigurationPlatforms) = preSolution
		Debug|Any CPU = Debug|Any CPU
		Release|Any CPU = Release|Any CPU
	EndGlobalSection
	GlobalSection(ProjectConfigurationPlatforms) = postSolution
		{FF0A93CC-6447-4300-ABD2-EE8B6CF3A9C2}.Debug|Any CPU.ActiveCfg = Debug|Any CPU
		{FF0A93CC-6447-4300-ABD2-EE8B6CF3A9C2}.Debug|Any CPU.Build.0 = Debug|Any CPU
		{FF0A93CC-6447-4300-ABD2-EE8B6CF3A9C2}.Release|Any CPU.ActiveCfg = Release|Any CPU
		{FF0A93CC-6447-4300-ABD2-EE8B6CF3A9C2}.Release|Any CPU.Build.0 = Release|Any CPU
	EndGlobalSection
	GlobalSection(SolutionProperties) = preSolution
		HideSolutionNode = FALSE
	EndGlobalSection
	GlobalSection(ExtensibilityGlobals) = postSolution
		SolutionGuid = {70225D33-8253-40DD-9106-2F2263228CBC}
	EndGlobalSection
EndGlobal
